
Microsoft Visual Studio Solution File, Format Version 12.00
# Visual Studio Version 16
VisualStudioVersion = 16.0.31105.61
MinimumVisualStudioVersion = 10.0.40219.1
Project("{9A19103F-16F7-4668-BE54-9A1E7A4F7556}") = "API", "Parkedex\API.csproj", "{062453EA-97A3-4443-B7AC-ED644B67E0AA}"
EndProject
Project("{9A19103F-16F7-4668-BE54-9A1E7A4F7556}") = "Application", "Application\Application.csproj", "{F0B97201-E2EC-4576-A86D-E88F230EFD92}"
EndProject
Project("{9A19103F-16F7-4668-BE54-9A1E7A4F7556}") = "Domain", "Domain\Domain.csproj", "{CEE7AB4D-FE3B-4C41-9E9A-3681F6B04F8D}"
EndProject
Project("{9A19103F-16F7-4668-BE54-9A1E7A4F7556}") = "Infrastucture", "Infrastucture\Infrastucture.csproj", "{00C6B41A-8E45-43FB-947B-7BC3105AE76C}"
EndProject
Global
	GlobalSection(SolutionConfigurationPlatforms) = preSolution
		Debug|Any CPU = Debug|Any CPU
		Release|Any CPU = Release|Any CPU
	EndGlobalSection
	GlobalSection(ProjectConfigurationPlatforms) = postSolution
		{062453EA-97A3-4443-B7AC-ED644B67E0AA}.Debug|Any CPU.ActiveCfg = Debug|Any CPU
		{062453EA-97A3-4443-B7AC-ED644B67E0AA}.Debug|Any CPU.Build.0 = Debug|Any CPU
		{062453EA-97A3-4443-B7AC-ED644B67E0AA}.Release|Any CPU.ActiveCfg = Release|Any CPU
		{062453EA-97A3-4443-B7AC-ED644B67E0AA}.Release|Any CPU.Build.0 = Release|Any CPU
		{F0B97201-E2EC-4576-A86D-E88F230EFD92}.Debug|Any CPU.ActiveCfg = Debug|Any CPU
		{F0B97201-E2EC-4576-A86D-E88F230EFD92}.Debug|Any CPU.Build.0 = Debug|Any CPU
		{F0B97201-E2EC-4576-A86D-E88F230EFD92}.Release|Any CPU.ActiveCfg = Release|Any CPU
		{F0B97201-E2EC-4576-A86D-E88F230EFD92}.Release|Any CPU.Build.0 = Release|Any CPU
		{CEE7AB4D-FE3B-4C41-9E9A-3681F6B04F8D}.Debug|Any CPU.ActiveCfg = Debug|Any CPU
		{CEE7AB4D-FE3B-4C41-9E9A-3681F6B04F8D}.Debug|Any CPU.Build.0 = Debug|Any CPU
		{CEE7AB4D-FE3B-4C41-9E9A-3681F6B04F8D}.Release|Any CPU.ActiveCfg = Release|Any CPU
		{CEE7AB4D-FE3B-4C41-9E9A-3681F6B04F8D}.Release|Any CPU.Build.0 = Release|Any CPU
		{00C6B41A-8E45-43FB-947B-7BC3105AE76C}.Debug|Any CPU.ActiveCfg = Debug|Any CPU
		{00C6B41A-8E45-43FB-947B-7BC3105AE76C}.Debug|Any CPU.Build.0 = Debug|Any CPU
		{00C6B41A-8E45-43FB-947B-7BC3105AE76C}.Release|Any CPU.ActiveCfg = Release|Any CPU
		{00C6B41A-8E45-43FB-947B-7BC3105AE76C}.Release|Any CPU.Build.0 = Release|Any CPU
	EndGlobalSection
	GlobalSection(SolutionProperties) = preSolution
		HideSolutionNode = FALSE
	EndGlobalSection
	GlobalSection(ExtensibilityGlobals) = postSolution
		SolutionGuid = {5AB638BA-8FA4-48E6-9CDB-370A9620F362}
	EndGlobalSection
EndGlobal
